{
  "name": "bonboncinnabon",
  "version": "0.0.0",
  "lockfileVersion": 3,
  "requires": true,
  "packages": {
    "": {
      "name": "bonboncinnabon",
      "version": "0.0.0",
      "devDependencies": {
        "@anthropic-ai/claude-code": "2.1.238",
        "@openai/codex": "0.149.0"
      },
      "engines": {
        "node": ">=22 <23"
      }
    },
    "node_modules/@anthropic-ai/claude-code": {
      "version": "2.1.238",
      "resolved": "https://registry.npmjs.org/@anthropic-ai/claude-code/-/claude-code-2.1.238.tgz",
      "integrity": "sha512-8AgGrM8qxsA5B8KU/MvVND/fMUsF3vZQxeYjz+1Z/rGx/ZmNr0iqjfmUVKVASKN7P9OzkAUHoXgKEpyvgRfUkA==",
      "dev": true,
      "hasInstallScript": true,
      "license": "SEE LICENSE IN README.md",
      "bin": {
        "claude": "bin/claude.exe"
      },
      "engines": {
        "node": ">=22.0.0"
      },
      "optionalDependencies": {
        "@anthropic-ai/claude-code-darwin-arm64": "2.1.238",
        "@anthropic-ai/claude-code-darwin-x64": "2.1.238",
        "@anthropic-ai/claude-code-linux-arm64": "2.1.238",
        "@anthropic-ai/claude-code-linux-arm64-musl": "2.1.238",
        "@anthropic-ai/claude-code-linux-x64": "2.1.238",
        "@anthropic-ai/claude-code-linux-x64-musl": "2.1.238",
        "@anthropic-ai/claude-code-win32-arm64": "2.1.238",
        "@anthropic-ai/claude-code-win32-x64": "2.1.238"
      }
    },
    "node_modules/@anthropic-ai/claude-code-darwin-arm64": {
      "version": "2.1.238",
      "resolved": "https://registry.npmjs.org/@anthropic-ai/claude-code-darwin-arm64/-/claude-code-darwin-arm64-2.1.238.tgz",
      "integrity": "sha512-/v6LuTgudzxPrpPOb54+Sg7m/O5NVOYE5YDPxWhxjS7IweNjbQIaY+eKFhnooE199YogqrEqrml0jibWdbVnOw==",
      "cpu": [
        "arm64"
      ],
      "dev": true,
      "license": "SEE LICENSE IN LICENSE.md",
      "optional": true,
      "os": [
        "darwin"
      ]
    },
    "node_modules/@anthropic-ai/claude-code-darwin-x64": {
      "version": "2.1.238",
      "resolved": "https://registry.npmjs.org/@anthropic-ai/claude-code-darwin-x64/-/claude-code-darwin-x64-2.1.238.tgz",
      "integrity": "sha512-wH4MHCCiv7VfprncWOAoP4Uwioid+qRM5H6XsVoLtYyhu6orLKEuMSbHD3uYjgqUdCWadHMDlbmpt8vHWO6+Pg==",
      "cpu": [
        "x64"
      ],
      "dev": true,
      "license": "SEE LICENSE IN LICENSE.md",
      "optional": true,
      "os": [
        "darwin"
      ]
    },
    "node_modules/@anthropic-ai/claude-code-linux-arm64": {
      "version": "2.1.238",
      "resolved": "https://registry.npmjs.org/@anthropic-ai/claude-code-linux-arm64/-/claude-code-linux-arm64-2.1.238.tgz",
      "integrity": "sha512-V948Ylqj6a2hCjCRIt/cd6P1z0Zw/jikThzK3kdEWvF4pwS45IhJAkCoZHN3XUTp+LKmCmU7077B3auexHbVVg==",
      "cpu": [
        "arm64"
      ],
      "dev": true,
      "license": "SEE LICENSE IN LICENSE.md",
      "optional": true,
      "os": [
        "linux"
      ]
    },
    "node_modules/@anthropic-ai/claude-code-linux-arm64-musl": {
      "version": "2.1.238",
      "resolved": "https://registry.npmjs.org/@anthropic-ai/claude-code-linux-arm64-musl/-/claude-code-linux-arm64-musl-2.1.238.tgz",
      "integrity": "sha512-mN1T7TQj7/5ywSUP7mqEFd3YNIZu0SxwE57/h2xPGYyW88rRqFvStpwhUP49Fg0C3urYwIx2dB9NVDi5OcWnPg==",
      "cpu": [
        "arm64"
      ],
      "dev": true,
      "license": "SEE LICENSE IN LICENSE.md",
      "optional": true,
      "os": [
        "linux"
      ]
    },
    "node_modules/@anthropic-ai/claude-code-linux-x64": {
      "version": "2.1.238",
      "resolved": "https://registry.npmjs.org/@anthropic-ai/claude-code-linux-x64/-/claude-code-linux-x64-2.1.238.tgz",
      "integrity": "sha512-luyUGir57QrSdGaeBhP4J3K28DJsYDF1WkqfRFwr+dH1+zI6RRUltWCJe/23Jx7QMTd3c0QIPQ0wzE4Qw/rWjg==",
      "cpu": [
        "x64"
      ],
      "dev": true,
      "license": "SEE LICENSE IN LICENSE.md",
      "optional": true,
      "os": [
        "linux"
      ]
    },
    "node_modules/@anthropic-ai/claude-code-linux-x64-musl": {
      "version": "2.1.238",
      "resolved": "https://registry.npmjs.org/@anthropic-ai/claude-code-linux-x64-musl/-/claude-code-linux-x64-musl-2.1.238.tgz",
      "integrity": "sha512-PsF0sxN6qNVZqnzV/UtDqtc/ttxH4qDUSpyt2XpTBs1V8gtf8DhdMsewXFpfO1MDGv/FkhuoF+8Wx/PY9iQd7w==",
      "cpu": [
        "x64"
      ],
      "dev": true,
      "license": "SEE LICENSE IN LICENSE.md",
      "optional": true,
      "os": [
        "linux"
      ]
    },
    "node_modules/@anthropic-ai/claude-code-win32-arm64": {
      "version": "2.1.238",
      "resolved": "https://registry.npmjs.org/@anthropic-ai/claude-code-win32-arm64/-/claude-code-win32-arm64-2.1.238.tgz",
      "integrity": "sha512-OUzQ6GQLjRwt/Lwx4A9t1M92+eoAh/dZ1CocTp3bQV6SkM25bJZVF38Vb3fBfgPywqVHLEi84X4She+i32RLEQ==",
      "cpu": [
        "arm64"
      ],
      "dev": true,
      "license": "SEE LICENSE IN LICENSE.md",
      "optional": true,
      "os": [
        "win32"
      ]
    },
    "node_modules/@anthropic-ai/claude-code-win32-x64": {
      "version": "2.1.238",
      "resolved": "https://registry.npmjs.org/@anthropic-ai/claude-code-win32-x64/-/claude-code-win32-x64-2.1.238.tgz",
      "integrity": "sha512-NjCMfRSMcym7skMW9IzJhoMw+ZpANpo0kh3w78nbcX850sqMquAecQliPj78ZNW0Y/e11xK6llet3M/0puAA0w==",
      "cpu": [
        "x64"
      ],
      "dev": true,
      "license": "SEE LICENSE IN LICENSE.md",
      "optional": true,
      "os": [
        "win32"
      ]
    },
    "node_modules/@openai/codex": {
      "version": "0.149.0",
      "resolved": "https://registry.npmjs.org/@openai/codex/-/codex-0.149.0.tgz",
      "integrity": "sha512-i4dryj2Y1j+00Mb5n+0n71EYnTK9/KDc2cdFo/dXD0d1oTog2bhUssKDEIOnKmnEf51P0Z/HJTWvTKw/UHyOvQ==",
      "dev": true,
      "license": "Apache-2.0",
      "bin": {
        "codex": "bin/codex.js"
      },
      "engines": {
        "node": ">=16"
      },
      "optionalDependencies": {
        "@openai/codex-darwin-arm64": "npm:@openai/codex@0.149.0-darwin-arm64",
        "@openai/codex-darwin-x64": "npm:@openai/codex@0.149.0-darwin-x64",
        "@openai/codex-linux-arm64": "npm:@openai/codex@0.149.0-linux-arm64",
        "@openai/codex-linux-x64": "npm:@openai/codex@0.149.0-linux-x64",
        "@openai/codex-win32-arm64": "npm:@openai/codex@0.149.0-win32-arm64",
        "@openai/codex-win32-x64": "npm:@openai/codex@0.149.0-win32-x64"
      }
    },
    "node_modules/@openai/codex-darwin-arm64": {
      "name": "@openai/codex",
      "version": "0.149.0-darwin-arm64",
      "resolved": "https://registry.npmjs.org/@openai/codex/-/codex-0.149.0-darwin-arm64.tgz",
      "integrity": "sha512-GsZJbzBWiD48RETrO8VHGAQNgfSrUVxItXZFeD87wswatPi0+lKuQo8Dx4nMYmOZhZrVtwr3al/feRrZxnDV8Q==",
      "cpu": [
        "arm64"
      ],
      "dev": true,
      "license": "Apache-2.0",
      "optional": true,
      "os": [
        "darwin"
      ],
      "engines": {
        "node": ">=16"
      }
    },
    "node_modules/@openai/codex-darwin-x64": {
      "name": "@openai/codex",
      "version": "0.149.0-darwin-x64",
      "resolved": "https://registry.npmjs.org/@openai/codex/-/codex-0.149.0-darwin-x64.tgz",
      "integrity": "sha512-H+mMgW3Nhc5QzGWEklCoFqACuOc0cVpgPkPQRw0LShoK7P5664T6BRnyl1yzT6orKPKv49cXry7DIWWZ19SanQ==",
      "cpu": [
        "x64"
      ],
      "dev": true,
      "license": "Apache-2.0",
      "optional": true,
      "os": [
        "darwin"
      ],
      "engines": {
        "node": ">=16"
      }
    },
    "node_modules/@openai/codex-linux-arm64": {
      "name": "@openai/codex",
      "version": "0.149.0-linux-arm64",
      "resolved": "https://registry.npmjs.org/@openai/codex/-/codex-0.149.0-linux-arm64.tgz",
      "integrity": "sha512-fAXPpvIob+11RNZJS9CVVTsKb+V4Hw3woGFPj42D7fU2wBJUKI2jfAc4fLJNtrpwRecLeW601mtkMHOSIbWuuA==",
      "cpu": [
        "arm64"
      ],
      "dev": true,
      "license": "Apache-2.0",
      "optional": true,
      "os": [
        "linux"
      ],
      "engines": {
        "node": ">=16"
      }
    },
    "node_modules/@openai/codex-linux-x64": {
      "name": "@openai/codex",
      "version": "0.149.0-linux-x64",
      "resolved": "https://registry.npmjs.org/@openai/codex/-/codex-0.149.0-linux-x64.tgz",
      "integrity": "sha512-uZXaN9JPxu0/jjnqqJeTd4kRYPnjVZK3MiVndfG1mHhEaoDKL7ScWHfPqvAEOjwsSDEmQSlMfUkmvYp/CHciYw==",
      "cpu": [
        "x64"
      ],
      "dev": true,
      "license": "Apache-2.0",
      "optional": true,
      "os": [
        "linux"
      ],
      "engines": {
        "node": ">=16"
      }
    },
    "node_modules/@openai/codex-win32-arm64": {
      "name": "@openai/codex",
      "version": "0.149.0-win32-arm64",
      "resolved": "https://registry.npmjs.org/@openai/codex/-/codex-0.149.0-win32-arm64.tgz",
      "integrity": "sha512-pUd8MzuwtqT5DhM1NUE1gETWIZ9fkDA1XB7tt9YNIi/peUgLuziQgZd7o0bNON4cNzgbil1YUN1qDTgQm0g3pg==",
      "cpu": [
        "arm64"
      ],
      "dev": true,
      "license": "Apache-2.0",
      "optional": true,
      "os": [
        "win32"
      ],
      "engines": {
        "node": ">=16"
      }
    },
    "node_modules/@openai/codex-win32-x64": {
      "name": "@openai/codex",
      "version": "0.149.0-win32-x64",
      "resolved": "https://registry.npmjs.org/@openai/codex/-/codex-0.149.0-win32-x64.tgz",
      "integrity": "sha512-qKbwSOOO/fdhQ5MlXE2fts6taPxRPZ/zqeC+eqHD72hLRymV9rFCUbUxOCquognUPRPvS/2/kRCV0UVhoDd3yQ==",
      "cpu": [
        "x64"
      ],
      "dev": true,
      "license": "Apache-2.0",
      "optional": true,
      "os": [
        "win32"
      ],
      "engines": {
        "node": ">=16"
      }
    }
  }
}
